{
    "_meta": {
        "hash": {
            "sha256": "cf3942df40d7d0d699efe7f9bb3799e708edfa2e2041640d699d6a82d1359036"
        },
        "pipfile-spec": 6,
        "requires": {
            "python_version": "3.12"
        },
        "sources": [
            {
                "name": "pypi",
                "url": "https://pypi.org/simple",
                "verify_ssl": true
            }
        ]
    },
    "default": {
        "maskpass": {
            "hashes": [
                "sha256:49a9b46ae3838f21040c81d169cf2dca0b946881e1b44c0c55df9e2d50f7b623",
                "sha256:73448856147a611cb7c9d98ff417f1e55884419e0864504584e0db9c6a57b60c"
            ],
            "index": "pypi",
            "version": "==0.3.7"
        },
        "pynput": {
            "hashes": [
                "sha256:19861b2a0c430d646489852f89500e0c9332e295f2c020e7c2775e7046aa2e2f",
                "sha256:264429fbe676e98e9050ad26a7017453bdd08768adb25cafb918347cf9f1eb4a",
                "sha256:3a5726546da54116b687785d38b1db56997ce1d28e53e8d22fc656d8b92e533c"
            ],
            "version": "==1.7.6"
        },
        "python-dotenv": {
            "hashes": [
                "sha256:a8df96034aae6d2d50a4ebe8216326c61c3eb64836776504fcca410e5937a3ba",
                "sha256:f5971a9226b701070a4bf2c38c89e5a3f0d64de8debda981d1db98583009122a"
            ],
            "index": "pypi",
            "markers": "python_version >= '3.8'",
            "version": "==1.0.0"
        },
        "shortuuid": {
            "hashes": [
                "sha256:27ea8f28b1bd0bf8f15057a3ece57275d2059d2b0bb02854f02189962c13b6aa",
                "sha256:fc75f2615914815a8e4cb1501b3a513745cb66ef0fd5fc6fb9f8c3fa3481f789"
            ],
            "index": "pypi",
            "markers": "python_version >= '3.5'",
            "version": "==1.0.11"
        },
        "six": {
            "hashes": [
                "sha256:1e61c37477a1626458e36f7b1d82aa5c9b094fa4802892072e49de9c60c4c926",
                "sha256:8abb2f1d86890a2dfb989f9a77cfcfd3e47c2a354b01111771326f8aa26e0254"
            ],
            "markers": "python_version >= '2.7' and python_version not in '3.0, 3.1, 3.2, 3.3'",
            "version": "==1.16.0"
        },
        "tabulate": {
            "hashes": [
                "sha256:0095b12bf5966de529c0feb1fa08671671b3368eec77d7ef7ab114be2c068b3c",
                "sha256:024ca478df22e9340661486f85298cff5f6dcdba14f3813e8830015b9ed1948f"
            ],
            "index": "pypi",
            "markers": "python_version >= '3.7'",
            "version": "==0.9.0"
        }
    },
    "develop": {}
}
